PODS:
  - AFNetworking (3.1.0):
    - AFNetworking/NSURLSession (= 3.1.0)
    - AFNetworking/Reachability (= 3.1.0)
    - AFNetworking/Security (= 3.1.0)
    - AFNetworking/Serialization (= 3.1.0)
    - AFNetworking/UIKit (= 3.1.0)
  - AFNetworking/NSURLSession (3.1.0):
    - AFNetworking/Reachability
    - AFNetworking/Security
    - AFNetworking/Serialization
  - AFNetworking/Reachability (3.1.0)
  - AFNetworking/Security (3.1.0)
  - AFNetworking/Serialization (3.1.0)
  - AFNetworking/UIKit (3.1.0):
    - AFNetworking/NSURLSession
  - KIFastQR (0.3.0)
  - SVProgressHUD (2.0.4)

DEPENDENCIES:
  - AFNetworking
  - KIFastQR
  - SVProgressHUD

SPEC CHECKSUMS:
  AFNetworking: 5e0e199f73d8626b11e79750991f5d173d1f8b67
  KIFastQR: ea5d9859ef2492125b3933a1c2f20466a452d314
  SVProgressHUD: bfde85ed6c573ea802b9cb37894ed9b629034f1b

PODFILE CHECKSUM: 0554132ed928300a5f4cf4e1f895bfb0384d7fd6

COCOAPODS: 1.1.1
